
Microsoft Visual Studio Solution File, Format Version 12.00
# Visual Studio Version 17
VisualStudioVersion = 17.9.34607.119
MinimumVisualStudioVersion = 10.0.40219.1
Project("{9A19103F-16F7-4668-BE54-9A1E7A4F7556}") = "EventBusInbox.Api", "EventBusInbox.Api\EventBusInbox.Api.csproj", "{69671973-46CF-45B5-96A4-7469FBDF2C9E}"
EndProject
Project("{9A19103F-16F7-4668-BE54-9A1E7A4F7556}") = "EventBusInbox.Domain", "EventBusInbox.Domain\EventBusInbox.Domain.csproj", "{C88B54A3-D6CE-4ADF-8627-2D5CE3A79B3C}"
EndProject
Project("{9A19103F-16F7-4668-BE54-9A1E7A4F7556}") = "EventBusInbox.Repositories", "EventBusInbox.Repositories\EventBusInbox.Repositories.csproj", "{77361BBB-E0F9-4DB4-A008-3489D81C250D}"
EndProject
Project("{9A19103F-16F7-4668-BE54-9A1E7A4F7556}") = "EventBusInbox.UseCases", "EventBusInbox.UseCases\EventBusInbox.UseCases.csproj", "{EE305404-375E-4D43-81AF-87F3E0A04DCE}"
EndProject
Project("{9A19103F-16F7-4668-BE54-9A1E7A4F7556}") = "EventBusInbox.Shared", "EventBusInbox.Shared\EventBusInbox.Shared.csproj", "{B11C8FCF-0AF9-45E9-AB14-B3EDDEAD3770}"
EndProject
Project("{9A19103F-16F7-4668-BE54-9A1E7A4F7556}") = "EventBusInbox.Tests", "EventBusInbox.Tests\EventBusInbox.Tests.csproj", "{195B35C9-9809-4135-9FBA-2630DDC818E1}"
EndProject
Project("{FAE04EC0-301F-11D3-BF4B-00C04F79EFBC}") = "EventBusInbox.TypeConverters", "EventBusInbox.TypeConverters\EventBusInbox.TypeConverters.csproj", "{6067BEDA-BE2F-473A-ABA4-9F9F44A96668}"
EndProject
Global
	GlobalSection(SolutionConfigurationPlatforms) = preSolution
		Debug|Any CPU = Debug|Any CPU
		Release|Any CPU = Release|Any CPU
	EndGlobalSection
	GlobalSection(ProjectConfigurationPlatforms) = postSolution
		{69671973-46CF-45B5-96A4-7469FBDF2C9E}.Debug|Any CPU.ActiveCfg = Debug|Any CPU
		{69671973-46CF-45B5-96A4-7469FBDF2C9E}.Debug|Any CPU.Build.0 = Debug|Any CPU
		{69671973-46CF-45B5-96A4-7469FBDF2C9E}.Release|Any CPU.ActiveCfg = Release|Any CPU
		{69671973-46CF-45B5-96A4-7469FBDF2C9E}.Release|Any CPU.Build.0 = Release|Any CPU
		{C88B54A3-D6CE-4ADF-8627-2D5CE3A79B3C}.Debug|Any CPU.ActiveCfg = Debug|Any CPU
		{C88B54A3-D6CE-4ADF-8627-2D5CE3A79B3C}.Debug|Any CPU.Build.0 = Debug|Any CPU
		{C88B54A3-D6CE-4ADF-8627-2D5CE3A79B3C}.Release|Any CPU.ActiveCfg = Release|Any CPU
		{C88B54A3-D6CE-4ADF-8627-2D5CE3A79B3C}.Release|Any CPU.Build.0 = Release|Any CPU
		{77361BBB-E0F9-4DB4-A008-3489D81C250D}.Debug|Any CPU.ActiveCfg = Debug|Any CPU
		{77361BBB-E0F9-4DB4-A008-3489D81C250D}.Debug|Any CPU.Build.0 = Debug|Any CPU
		{77361BBB-E0F9-4DB4-A008-3489D81C250D}.Release|Any CPU.ActiveCfg = Release|Any CPU
		{77361BBB-E0F9-4DB4-A008-3489D81C250D}.Release|Any CPU.Build.0 = Release|Any CPU
		{EE305404-375E-4D43-81AF-87F3E0A04DCE}.Debug|Any CPU.ActiveCfg = Debug|Any CPU
		{EE305404-375E-4D43-81AF-87F3E0A04DCE}.Debug|Any CPU.Build.0 = Debug|Any CPU
		{EE305404-375E-4D43-81AF-87F3E0A04DCE}.Release|Any CPU.ActiveCfg = Release|Any CPU
		{EE305404-375E-4D43-81AF-87F3E0A04DCE}.Release|Any CPU.Build.0 = Release|Any CPU
		{B11C8FCF-0AF9-45E9-AB14-B3EDDEAD3770}.Debug|Any CPU.ActiveCfg = Debug|Any CPU
		{B11C8FCF-0AF9-45E9-AB14-B3EDDEAD3770}.Debug|Any CPU.Build.0 = Debug|Any CPU
		{B11C8FCF-0AF9-45E9-AB14-B3EDDEAD3770}.Release|Any CPU.ActiveCfg = Release|Any CPU
		{B11C8FCF-0AF9-45E9-AB14-B3EDDEAD3770}.Release|Any CPU.Build.0 = Release|Any CPU
		{195B35C9-9809-4135-9FBA-2630DDC818E1}.Debug|Any CPU.ActiveCfg = Debug|Any CPU
		{195B35C9-9809-4135-9FBA-2630DDC818E1}.Debug|Any CPU.Build.0 = Debug|Any CPU
		{195B35C9-9809-4135-9FBA-2630DDC818E1}.Release|Any CPU.ActiveCfg = Release|Any CPU
		{195B35C9-9809-4135-9FBA-2630DDC818E1}.Release|Any CPU.Build.0 = Release|Any CPU
		{6067BEDA-BE2F-473A-ABA4-9F9F44A96668}.Debug|Any CPU.ActiveCfg = Debug|Any CPU
		{6067BEDA-BE2F-473A-ABA4-9F9F44A96668}.Debug|Any CPU.Build.0 = Debug|Any CPU
		{6067BEDA-BE2F-473A-ABA4-9F9F44A96668}.Release|Any CPU.ActiveCfg = Release|Any CPU
		{6067BEDA-BE2F-473A-ABA4-9F9F44A96668}.Release|Any CPU.Build.0 = Release|Any CPU
	EndGlobalSection
	GlobalSection(SolutionProperties) = preSolution
		HideSolutionNode = FALSE
	EndGlobalSection
	GlobalSection(ExtensibilityGlobals) = postSolution
		SolutionGuid = {AD653627-7FFE-4B24-B0BB-409EC07D3249}
	EndGlobalSection
EndGlobal
